// !$*UTF8*$!
{
	archiveVersion = 1;
	classes = {
	};
	objectVersion = 54;
	objects = {

/* Begin PBXBuildFile section */
		0C37CCC93010B861C25B3BEA /* Pods_vkMessanger.framework in Frameworks */ = {isa = PBXBuildFile; fileRef = C7DD8E449C18712DB99429B6 /* Pods_vkMessanger.framework */; };
		48D2C2B0267669E40009746B /* AppDelegate.swift in Sources */ = {isa = PBXBuildFile; fileRef = 48D2C2AF267669E40009746B /* AppDelegate.swift */; };
		48D2C2B2267669E40009746B /* SceneDelegate.swift in Sources */ = {isa = PBXBuildFile; fileRef = 48D2C2B1267669E40009746B /* SceneDelegate.swift */; };
		48D2C2B4267669E40009746B /* ViewController.swift in Sources */ = {isa = PBXBuildFile; fileRef = 48D2C2B3267669E40009746B /* ViewController.swift */; };
		48D2C2B7267669E40009746B /* Main.storyboard in Resources */ = {isa = PBXBuildFile; fileRef = 48D2C2B5267669E40009746B /* Main.storyboard */; };
		48D2C2B9267669E80009746B /* Assets.xcassets in Resources */ = {isa = PBXBuildFile; fileRef = 48D2C2B8267669E80009746B /* Assets.xcassets */; };
		48D2C2BC267669E80009746B /* LaunchScreen.storyboard in Resources */ = {isa = PBXBuildFile; fileRef = 48D2C2BA267669E80009746B /* LaunchScreen.storyboard */; };
		48D2C2C926766ABE0009746B /* RegisterViewModel.swift in Sources */ = {isa = PBXBuildFile; fileRef = 48D2C2C826766ABE0009746B /* RegisterViewModel.swift */; };
		48D2C2CB26766AC70009746B /* RegisterViewController.swift in Sources */ = {isa = PBXBuildFile; fileRef = 48D2C2CA26766AC70009746B /* RegisterViewController.swift */; };
		48D2C2CD26766ACE0009746B /* RegisterCoordinator.swift in Sources */ = {isa = PBXBuildFile; fileRef = 48D2C2CC26766ACE0009746B /* RegisterCoordinator.swift */; };
		48D2C2D126766AFD0009746B /* CommonContext.swift in Sources */ = {isa = PBXBuildFile; fileRef = 48D2C2D026766AFD0009746B /* CommonContext.swift */; };
		48D2C2D426766B2F0009746B /* ViewModelType.swift in Sources */ = {isa = PBXBuildFile; fileRef = 48D2C2D326766B2F0009746B /* ViewModelType.swift */; };
		48D2C2D626766B380009746B /* ViewControllerType.swift in Sources */ = {isa = PBXBuildFile; fileRef = 48D2C2D526766B380009746B /* ViewControllerType.swift */; };
		48D2C2D826766B520009746B /* UnitType.swift in Sources */ = {isa = PBXBuildFile; fileRef = 48D2C2D726766B520009746B /* UnitType.swift */; };
		48D2C2DF267673AD0009746B /* CoordinatorType.swift in Sources */ = {isa = PBXBuildFile; fileRef = 48D2C2DE267673AD0009746B /* CoordinatorType.swift */; };
		48D2C2E4267677860009746B /* swiftgen.yml in Resources */ = {isa = PBXBuildFile; fileRef = 48D2C2E3267677860009746B /* swiftgen.yml */; };
		48EBAF0826767BDF007E6595 /* Register.storyboard in Resources */ = {isa = PBXBuildFile; fileRef = 48EBAF0726767BDF007E6595 /* Register.storyboard */; };
		48EBAF0E267681FD007E6595 /* LaunchCoordinator.swift in Sources */ = {isa = PBXBuildFile; fileRef = 48EBAF0D267681FD007E6595 /* LaunchCoordinator.swift */; };
		48EBAF122676832E007E6595 /* LoginViewController.swift in Sources */ = {isa = PBXBuildFile; fileRef = 48EBAF112676832E007E6595 /* LoginViewController.swift */; };
		48EBAF1426768339007E6595 /* LoginViewModel.swift in Sources */ = {isa = PBXBuildFile; fileRef = 48EBAF1326768339007E6595 /* LoginViewModel.swift */; };
		48EBAF1626768343007E6595 /* LoginCoordinator.swift in Sources */ = {isa = PBXBuildFile; fileRef = 48EBAF1526768343007E6595 /* LoginCoordinator.swift */; };
		48EBAF182676836A007E6595 /* Login.storyboard in Resources */ = {isa = PBXBuildFile; fileRef = 48EBAF172676836A007E6595 /* Login.storyboard */; };
		48EBAF1B267685F6007E6595 /* Storyboards.generated.swift in Sources */ = {isa = PBXBuildFile; fileRef = 48EBAF19267685F6007E6595 /* Storyboards.generated.swift */; };
		48EBAF1C267685F6007E6595 /* Assets.generated.swift in Sources */ = {isa = PBXBuildFile; fileRef = 48EBAF1A267685F6007E6595 /* Assets.generated.swift */; };
/* End PBXBuildFile section */

/* Begin PBXFileReference section */
		1EF3D5FFA6A909AA7B5A786D /* Pods-vkMessanger.release.xcconfig */ = {isa = PBXFileReference; includeInIndex = 1; lastKnownFileType = text.xcconfig; name = "Pods-vkMessanger.release.xcconfig"; path = "Target Support Files/Pods-vkMessanger/Pods-vkMessanger.release.xcconfig"; sourceTree = "<group>"; };
		48D2C2AC267669E40009746B /* vkMessanger.app */ = {isa = PBXFileReference; explicitFileType = wrapper.application; includeInIndex = 0; path = vkMessanger.app; sourceTree = BUILT_PRODUCTS_DIR; };
		48D2C2AF267669E40009746B /* AppDelegate.swift */ = {isa = PBXFileReference; lastKnownFileType = sourcecode.swift; path = AppDelegate.swift; sourceTree = "<group>"; };
		48D2C2B1267669E40009746B /* SceneDelegate.swift */ = {isa = PBXFileReference; lastKnownFileType = sourcecode.swift; path = SceneDelegate.swift; sourceTree = "<group>"; };
		48D2C2B3267669E40009746B /* ViewController.swift */ = {isa = PBXFileReference; lastKnownFileType = sourcecode.swift; path = ViewController.swift; sourceTree = "<group>"; };
		48D2C2B6267669E40009746B /* Base */ = {isa = PBXFileReference; lastKnownFileType = file.storyboard; name = Base; path = Base.lproj/Main.storyboard; sourceTree = "<group>"; };
		48D2C2B8267669E80009746B /* Assets.xcassets */ = {isa = PBXFileReference; lastKnownFileType = folder.assetcatalog; path = Assets.xcassets; sourceTree = "<group>"; };
		48D2C2BB267669E80009746B /* Base */ = {isa = PBXFileReference; lastKnownFileType = file.storyboard; name = Base; path = Base.lproj/LaunchScreen.storyboard; sourceTree = "<group>"; };
		48D2C2BD267669E80009746B /* Info.plist */ = {isa = PBXFileReference; lastKnownFileType = text.plist.xml; path = Info.plist; sourceTree = "<group>"; };
		48D2C2C826766ABE0009746B /* RegisterViewModel.swift */ = {isa = PBXFileReference; lastKnownFileType = sourcecode.swift; path = RegisterViewModel.swift; sourceTree = "<group>"; };
		48D2C2CA26766AC70009746B /* RegisterViewController.swift */ = {isa = PBXFileReference; lastKnownFileType = sourcecode.swift; path = RegisterViewController.swift; sourceTree = "<group>"; };
		48D2C2CC26766ACE0009746B /* RegisterCoordinator.swift */ = {isa = PBXFileReference; lastKnownFileType = sourcecode.swift; path = RegisterCoordinator.swift; sourceTree = "<group>"; };
		48D2C2D026766AFD0009746B /* CommonContext.swift */ = {isa = PBXFileReference; lastKnownFileType = sourcecode.swift; path = CommonContext.swift; sourceTree = "<group>"; };
		48D2C2D326766B2F0009746B /* ViewModelType.swift */ = {isa = PBXFileReference; lastKnownFileType = sourcecode.swift; path = ViewModelType.swift; sourceTree = "<group>"; };
		48D2C2D526766B380009746B /* ViewControllerType.swift */ = {isa = PBXFileReference; lastKnownFileType = sourcecode.swift; path = ViewControllerType.swift; sourceTree = "<group>"; };
		48D2C2D726766B520009746B /* UnitType.swift */ = {isa = PBXFileReference; lastKnownFileType = sourcecode.swift; path = UnitType.swift; sourceTree = "<group>"; };
		48D2C2DE267673AD0009746B /* CoordinatorType.swift */ = {isa = PBXFileReference; lastKnownFileType = sourcecode.swift; path = CoordinatorType.swift; sourceTree = "<group>"; };
		48D2C2E3267677860009746B /* swiftgen.yml */ = {isa = PBXFileReference; fileEncoding = 4; lastKnownFileType = text.yaml; path = swiftgen.yml; sourceTree = SOURCE_ROOT; };
		48EBAF0726767BDF007E6595 /* Register.storyboard */ = {isa = PBXFileReference; lastKnownFileType = file.storyboard; path = Register.storyboard; sourceTree = "<group>"; };
		48EBAF0D267681FD007E6595 /* LaunchCoordinator.swift */ = {isa = PBXFileReference; lastKnownFileType = sourcecode.swift; path = LaunchCoordinator.swift; sourceTree = "<group>"; };
		48EBAF112676832E007E6595 /* LoginViewController.swift */ = {isa = PBXFileReference; lastKnownFileType = sourcecode.swift; path = LoginViewController.swift; sourceTree = "<group>"; };
		48EBAF1326768339007E6595 /* LoginViewModel.swift */ = {isa = PBXFileReference; lastKnownFileType = sourcecode.swift; path = LoginViewModel.swift; sourceTree = "<group>"; };
		48EBAF1526768343007E6595 /* LoginCoordinator.swift */ = {isa = PBXFileReference; lastKnownFileType = sourcecode.swift; path = LoginCoordinator.swift; sourceTree = "<group>"; };
		48EBAF172676836A007E6595 /* Login.storyboard */ = {isa = PBXFileReference; lastKnownFileType = file.storyboard; path = Login.storyboard; sourceTree = "<group>"; };
		48EBAF19267685F6007E6595 /* Storyboards.generated.swift */ = {isa = PBXFileReference; fileEncoding = 4; lastKnownFileType = sourcecode.swift; path = Storyboards.generated.swift; sourceTree = "<group>"; };
		48EBAF1A267685F6007E6595 /* Assets.generated.swift */ = {isa = PBXFileReference; fileEncoding = 4; lastKnownFileType = sourcecode.swift; path = Assets.generated.swift; sourceTree = "<group>"; };
		BF738EE066C96C693D6A1DFA /* Pods-vkMessanger.debug.xcconfig */ = {isa = PBXFileReference; includeInIndex = 1; lastKnownFileType = text.xcconfig; name = "Pods-vkMessanger.debug.xcconfig"; path = "Target Support Files/Pods-vkMessanger/Pods-vkMessanger.debug.xcconfig"; sourceTree = "<group>"; };
		C7DD8E449C18712DB99429B6 /* Pods_vkMessanger.framework */ = {isa = PBXFileReference; explicitFileType = wrapper.framework; includeInIndex = 0; path = Pods_vkMessanger.framework; sourceTree = BUILT_PRODUCTS_DIR; };
/* End PBXFileReference section */

/* Begin PBXFrameworksBuildPhase section */
		48D2C2A9267669E40009746B /* Frameworks */ = {
			isa = PBXFrameworksBuildPhase;
			buildActionMask = 2147483647;
			files = (
				0C37CCC93010B861C25B3BEA /* Pods_vkMessanger.framework in Frameworks */,
			);
			runOnlyForDeploymentPostprocessing = 0;
		};
/* End PBXFrameworksBuildPhase section */

/* Begin PBXGroup section */
		48D2C2A3267669E40009746B = {
			isa = PBXGroup;
			children = (
				48D2C2E3267677860009746B /* swiftgen.yml */,
				48D2C2AE267669E40009746B /* vkMessanger */,
				48D2C2AD267669E40009746B /* Products */,
				A3466684C099B6193580AC37 /* Pods */,
				A9D1AE26C4A7D9F3EEF8752F /* Frameworks */,
			);
			sourceTree = "<group>";
		};
		48D2C2AD267669E40009746B /* Products */ = {
			isa = PBXGroup;
			children = (
				48D2C2AC267669E40009746B /* vkMessanger.app */,
			);
			name = Products;
			sourceTree = "<group>";
		};
		48D2C2AE267669E40009746B /* vkMessanger */ = {
			isa = PBXGroup;
			children = (
				48D2C2BD267669E80009746B /* Info.plist */,
				48D2C2E12676765F0009746B /* API */,
				48D2C2CE26766AD30009746B /* Extensions */,
				48D2C2E5267677B90009746B /* Generated */,
				48D2C2C626766A840009746B /* Models */,
				48D2C2C526766A6D0009746B /* Modules */,
				48D2C2D926766E070009746B /* MVVMExt */,
				48D2C2E0267675E30009746B /* Resources */,
				48D2C2C326766A590009746B /* Root */,
				48D2C2C426766A5E0009746B /* Services */,
			);
			path = vkMessanger;
			sourceTree = "<group>";
		};
		48D2C2C326766A590009746B /* Root */ = {
			isa = PBXGroup;
			children = (
				48EBAF0C26767DF7007E6595 /* LaunchScreen */,
				48EBAF0B26767DF0007E6595 /* AppDelegate */,
				48D2C2CF26766AF50009746B /* Context */,
			);
			path = Root;
			sourceTree = "<group>";
		};
		48D2C2C426766A5E0009746B /* Services */ = {
			isa = PBXGroup;
			children = (
			);
			path = Services;
			sourceTree = "<group>";
		};
		48D2C2C526766A6D0009746B /* Modules */ = {
			isa = PBXGroup;
			children = (
				48EBAF0F2676831E007E6595 /* Login */,
				48D2C2C726766AB30009746B /* Register */,
			);
			path = Modules;
			sourceTree = "<group>";
		};
		48D2C2C626766A840009746B /* Models */ = {
			isa = PBXGroup;
			children = (
			);
			path = Models;
			sourceTree = "<group>";
		};
		48D2C2C726766AB30009746B /* Register */ = {
			isa = PBXGroup;
			children = (
				48D2C2C826766ABE0009746B /* RegisterViewModel.swift */,
				48D2C2CA26766AC70009746B /* RegisterViewController.swift */,
				48D2C2CC26766ACE0009746B /* RegisterCoordinator.swift */,
				48EBAF0726767BDF007E6595 /* Register.storyboard */,
			);
			path = Register;
			sourceTree = "<group>";
		};
		48D2C2CE26766AD30009746B /* Extensions */ = {
			isa = PBXGroup;
			children = (
			);
			path = Extensions;
			sourceTree = "<group>";
		};
		48D2C2CF26766AF50009746B /* Context */ = {
			isa = PBXGroup;
			children = (
				48D2C2D026766AFD0009746B /* CommonContext.swift */,
			);
			path = Context;
			sourceTree = "<group>";
		};
		48D2C2D226766B1B0009746B /* Types */ = {
			isa = PBXGroup;
			children = (
				48D2C2DD267673A30009746B /* Coordinator */,
				48D2C2DC2676719A0009746B /* Unit */,
				48D2C2DB267671910009746B /* ViewController */,
				48D2C2DA2676718A0009746B /* ViewModel */,
			);
			path = Types;
			sourceTree = "<group>";
		};
		48D2C2D926766E070009746B /* MVVMExt */ = {
			isa = PBXGroup;
			children = (
				48D2C2D226766B1B0009746B /* Types */,
			);
			path = MVVMExt;
			sourceTree = "<group>";
		};
		48D2C2DA2676718A0009746B /* ViewModel */ = {
			isa = PBXGroup;
			children = (
				48D2C2D326766B2F0009746B /* ViewModelType.swift */,
			);
			path = ViewModel;
			sourceTree = "<group>";
		};
		48D2C2DB267671910009746B /* ViewController */ = {
			isa = PBXGroup;
			children = (
				48D2C2D526766B380009746B /* ViewControllerType.swift */,
			);
			path = ViewController;
			sourceTree = "<group>";
		};
		48D2C2DC2676719A0009746B /* Unit */ = {
			isa = PBXGroup;
			children = (
				48D2C2D726766B520009746B /* UnitType.swift */,
			);
			path = Unit;
			sourceTree = "<group>";
		};
		48D2C2DD267673A30009746B /* Coordinator */ = {
			isa = PBXGroup;
			children = (
				48D2C2DE267673AD0009746B /* CoordinatorType.swift */,
			);
			path = Coordinator;
			sourceTree = "<group>";
		};
		48D2C2E0267675E30009746B /* Resources */ = {
			isa = PBXGroup;
			children = (
				48D2C2B8267669E80009746B /* Assets.xcassets */,
			);
			path = Resources;
			sourceTree = "<group>";
		};
		48D2C2E12676765F0009746B /* API */ = {
			isa = PBXGroup;
			children = (
			);
			path = API;
			sourceTree = "<group>";
		};
		48D2C2E5267677B90009746B /* Generated */ = {
			isa = PBXGroup;
			children = (
				48EBAF1A267685F6007E6595 /* Assets.generated.swift */,
				48EBAF19267685F6007E6595 /* Storyboards.generated.swift */,
			);
			path = Generated;
			sourceTree = "<group>";
		};
		48EBAF0B26767DF0007E6595 /* AppDelegate */ = {
			isa = PBXGroup;
			children = (
				48D2C2B1267669E40009746B /* SceneDelegate.swift */,
				48D2C2AF267669E40009746B /* AppDelegate.swift */,
			);
			path = AppDelegate;
			sourceTree = "<group>";
		};
		48EBAF0C26767DF7007E6595 /* LaunchScreen */ = {
			isa = PBXGroup;
			children = (
				48D2C2B5267669E40009746B /* Main.storyboard */,
				48D2C2B3267669E40009746B /* ViewController.swift */,
				48D2C2BA267669E80009746B /* LaunchScreen.storyboard */,
				48EBAF0D267681FD007E6595 /* LaunchCoordinator.swift */,
			);
			path = LaunchScreen;
			sourceTree = "<group>";
		};
		48EBAF0F2676831E007E6595 /* Login */ = {
			isa = PBXGroup;
			children = (
				48EBAF112676832E007E6595 /* LoginViewController.swift */,
				48EBAF1326768339007E6595 /* LoginViewModel.swift */,
				48EBAF1526768343007E6595 /* LoginCoordinator.swift */,
				48EBAF172676836A007E6595 /* Login.storyboard */,
			);
			path = Login;
			sourceTree = "<group>";
		};
		A3466684C099B6193580AC37 /* Pods */ = {
			isa = PBXGroup;
			children = (
				BF738EE066C96C693D6A1DFA /* Pods-vkMessanger.debug.xcconfig */,
				1EF3D5FFA6A909AA7B5A786D /* Pods-vkMessanger.release.xcconfig */,
			);
			path = Pods;
			sourceTree = "<group>";
		};
		A9D1AE26C4A7D9F3EEF8752F /* Frameworks */ = {
			isa = PBXGroup;
			children = (
				C7DD8E449C18712DB99429B6 /* Pods_vkMessanger.framework */,
			);
			name = Frameworks;
			sourceTree = "<group>";
		};
/* End PBXGroup section */

/* Begin PBXNativeTarget section */
		48D2C2AB267669E40009746B /* vkMessanger */ = {
			isa = PBXNativeTarget;
			buildConfigurationList = 48D2C2C0267669E80009746B /* Build configuration list for PBXNativeTarget "vkMessanger" */;
			buildPhases = (
				FA6B54DFE73A5B591B2F05BA /* [CP] Check Pods Manifest.lock */,
				48D2C2E2267677280009746B /* SwiftGen */,
				48D2C2A8267669E40009746B /* Sources */,
				48D2C2A9267669E40009746B /* Frameworks */,
				48D2C2AA267669E40009746B /* Resources */,
				86A8AB70B36DF6F2F5C9D423 /* [CP] Embed Pods Frameworks */,
			);
			buildRules = (
			);
			dependencies = (
			);
			name = vkMessanger;
			productName = vkMessanger;
			productReference = 48D2C2AC267669E40009746B /* vkMessanger.app */;
			productType = "com.apple.product-type.application";
		};
/* End PBXNativeTarget section */

/* Begin PBXProject section */
		48D2C2A4267669E40009746B /* Project object */ = {
			isa = PBXProject;
			attributes = {
				LastSwiftUpdateCheck = 1250;
				LastUpgradeCheck = 1250;
				TargetAttributes = {
					48D2C2AB267669E40009746B = {
						CreatedOnToolsVersion = 12.5;
					};
				};
			};
			buildConfigurationList = 48D2C2A7267669E40009746B /* Build configuration list for PBXProject "vkMessanger" */;
			compatibilityVersion = "Xcode 9.3";
			developmentRegion = en;
			hasScannedForEncodings = 0;
			knownRegions = (
				en,
				Base,
			);
			mainGroup = 48D2C2A3267669E40009746B;
			productRefGroup = 48D2C2AD267669E40009746B /* Products */;
			projectDirPath = "";
			projectRoot = "";
			targets = (
				48D2C2AB267669E40009746B /* vkMessanger */,
			);
		};
/* End PBXProject section */

/* Begin PBXResourcesBuildPhase section */
		48D2C2AA267669E40009746B /* Resources */ = {
			isa = PBXResourcesBuildPhase;
			buildActionMask = 2147483647;
			files = (
				48D2C2BC267669E80009746B /* LaunchScreen.storyboard in Resources */,
				48D2C2B9267669E80009746B /* Assets.xcassets in Resources */,
				48EBAF182676836A007E6595 /* Login.storyboard in Resources */,
				48D2C2B7267669E40009746B /* Main.storyboard in Resources */,
				48D2C2E4267677860009746B /* swiftgen.yml in Resources */,
				48EBAF0826767BDF007E6595 /* Register.storyboard in Resources */,
			);
			runOnlyForDeploymentPostprocessing = 0;
		};
/* End PBXResourcesBuildPhase section */

/* Begin PBXShellScriptBuildPhase section */
		48D2C2E2267677280009746B /* SwiftGen */ = {
			isa = PBXShellScriptBuildPhase;
			alwaysOutOfDate = 1;
			buildActionMask = 2147483647;
			files = (
			);
			inputFileListPaths = (
			);
			inputPaths = (
			);
			name = SwiftGen;
			outputFileListPaths = (
			);
			outputPaths = (
			);
			runOnlyForDeploymentPostprocessing = 0;
			shellPath = /bin/sh;
			shellScript = "\"$PODS_ROOT/SwiftGen/bin/swiftgen\"\n";
		};
		86A8AB70B36DF6F2F5C9D423 /* [CP] Embed Pods Frameworks */ = {
			isa = PBXShellScriptBuildPhase;
			buildActionMask = 2147483647;
			files = (
			);
			inputFileListPaths = (
				"${PODS_ROOT}/Target Support Files/Pods-vkMessanger/Pods-vkMessanger-frameworks-${CONFIGURATION}-input-files.xcfilelist",
			);
			name = "[CP] Embed Pods Frameworks";
			outputFileListPaths = (
				"${PODS_ROOT}/Target Support Files/Pods-vkMessanger/Pods-vkMessanger-frameworks-${CONFIGURATION}-output-files.xcfilelist",
			);
			runOnlyForDeploymentPostprocessing = 0;
			shellPath = /bin/sh;
			shellScript = "\"${PODS_ROOT}/Target Support Files/Pods-vkMessanger/Pods-vkMessanger-frameworks.sh\"\n";
			showEnvVarsInLog = 0;
		};
		FA6B54DFE73A5B591B2F05BA /* [CP] Check Pods Manifest.lock */ = {
			isa = PBXShellScriptBuildPhase;
			buildActionMask = 2147483647;
			files = (
			);
			inputFileListPaths = (
			);
			inputPaths = (
				"${PODS_PODFILE_DIR_PATH}/Podfile.lock",
				"${PODS_ROOT}/Manifest.lock",
			);
			name = "[CP] Check Pods Manifest.lock";
			outputFileListPaths = (
			);
			outputPaths = (
				"$(DERIVED_FILE_DIR)/Pods-vkMessanger-checkManifestLockResult.txt",
			);
			runOnlyForDeploymentPostprocessing = 0;
			shellPath = /bin/sh;
			shellScript = "diff \"${PODS_PODFILE_DIR_PATH}/Podfile.lock\" \"${PODS_ROOT}/Manifest.lock\" > /dev/null\nif [ $? != 0 ] ; then\n    # print error to STDERR\n    echo \"error: The sandbox is not in sync with the Podfile.lock. Run 'pod install' or update your CocoaPods installation.\" >&2\n    exit 1\nfi\n# This output is used by Xcode 'outputs' to avoid re-running this script phase.\necho \"SUCCESS\" > \"${SCRIPT_OUTPUT_FILE_0}\"\n";
			showEnvVarsInLog = 0;
		};
/* End PBXShellScriptBuildPhase section */

/* Begin PBXSourcesBuildPhase section */
		48D2C2A8267669E40009746B /* Sources */ = {
			isa = PBXSourcesBuildPhase;
			buildActionMask = 2147483647;
			files = (
				48EBAF1626768343007E6595 /* LoginCoordinator.swift in Sources */,
				48D2C2B4267669E40009746B /* ViewController.swift in Sources */,
				48D2C2D126766AFD0009746B /* CommonContext.swift in Sources */,
				48EBAF122676832E007E6595 /* LoginViewController.swift in Sources */,
				48EBAF1426768339007E6595 /* LoginViewModel.swift in Sources */,
				48D2C2CB26766AC70009746B /* RegisterViewController.swift in Sources */,
				48D2C2B0267669E40009746B /* AppDelegate.swift in Sources */,
				48D2C2D426766B2F0009746B /* ViewModelType.swift in Sources */,
				48D2C2B2267669E40009746B /* SceneDelegate.swift in Sources */,
				48EBAF1C267685F6007E6595 /* Assets.generated.swift in Sources */,
				48D2C2D826766B520009746B /* UnitType.swift in Sources */,
				48D2C2DF267673AD0009746B /* CoordinatorType.swift in Sources */,
				48EBAF0E267681FD007E6595 /* LaunchCoordinator.swift in Sources */,
				48D2C2C926766ABE0009746B /* RegisterViewModel.swift in Sources */,
				48D2C2CD26766ACE0009746B /* RegisterCoordinator.swift in Sources */,
				48D2C2D626766B380009746B /* ViewControllerType.swift in Sources */,
				48EBAF1B267685F6007E6595 /* Storyboards.generated.swift in Sources */,
			);
			runOnlyForDeploymentPostprocessing = 0;
		};
/* End PBXSourcesBuildPhase section */

/* Begin PBXVariantGroup section */
		48D2C2B5267669E40009746B /* Main.storyboard */ = {
			isa = PBXVariantGroup;
			children = (
				48D2C2B6267669E40009746B /* Base */,
			);
			name = Main.storyboard;
			sourceTree = "<group>";
		};
		48D2C2BA267669E80009746B /* LaunchScreen.storyboard */ = {
			isa = PBXVariantGroup;
			children = (
				48D2C2BB267669E80009746B /* Base */,
			);
			name = LaunchScreen.storyboard;
			sourceTree = "<group>";
		};
/* End PBXVariantGroup section */

/* Begin XCBuildConfiguration section */
		48D2C2BE267669E80009746B /* Debug */ = {
			isa = XCBuildConfiguration;
			buildSettings = {
				ALWAYS_SEARCH_USER_PATHS = NO;
				CLANG_ANALYZER_NONNULL = YES;
				CLANG_ANALYZER_NUMBER_OBJECT_CONVERSION = YES_AGGRESSIVE;
				CLANG_CXX_LANGUAGE_STANDARD = "gnu++14";
				CLANG_CXX_LIBRARY = "libc++";
				CLANG_ENABLE_MODULES = YES;
				CLANG_ENABLE_OBJC_ARC = YES;
				CLANG_ENABLE_OBJC_WEAK = YES;
				CLANG_WARN_BLOCK_CAPTURE_AUTORELEASING = YES;
				CLANG_WARN_BOOL_CONVERSION = YES;
				CLANG_WARN_COMMA = YES;
				CLANG_WARN_CONSTANT_CONVERSION = YES;
				CLANG_WARN_DEPRECATED_OBJC_IMPLEMENTATIONS = YES;
				CLANG_WARN_DIRECT_OBJC_ISA_USAGE = YES_ERROR;
				CLANG_WARN_DOCUMENTATION_COMMENTS = YES;
				CLANG_WARN_EMPTY_BODY = YES;
				CLANG_WARN_ENUM_CONVERSION = YES;
				CLANG_WARN_INFINITE_RECURSION = YES;
				CLANG_WARN_INT_CONVERSION = YES;
				CLANG_WARN_NON_LITERAL_NULL_CONVERSION = YES;
				CLANG_WARN_OBJC_IMPLICIT_RETAIN_SELF = YES;
				CLANG_WARN_OBJC_LITERAL_CONVERSION = YES;
				CLANG_WARN_OBJC_ROOT_CLASS = YES_ERROR;
				CLANG_WARN_QUOTED_INCLUDE_IN_FRAMEWORK_HEADER = YES;
				CLANG_WARN_RANGE_LOOP_ANALYSIS = YES;
				CLANG_WARN_STRICT_PROTOTYPES = YES;
				CLANG_WARN_SUSPICIOUS_MOVE = YES;
				CLANG_WARN_UNGUARDED_AVAILABILITY = YES_AGGRESSIVE;
				CLANG_WARN_UNREACHABLE_CODE = YES;
				CLANG_WARN__DUPLICATE_METHOD_MATCH = YES;
				COPY_PHASE_STRIP = NO;
				DEBUG_INFORMATION_FORMAT = dwarf;
				ENABLE_STRICT_OBJC_MSGSEND = YES;
				ENABLE_TESTABILITY = YES;
				GCC_C_LANGUAGE_STANDARD = gnu11;
				GCC_DYNAMIC_NO_PIC = NO;
				GCC_NO_COMMON_BLOCKS = YES;
				GCC_OPTIMIZATION_LEVEL = 0;
				GCC_PREPROCESSOR_DEFINITIONS = (
					"DEBUG=1",
					"$(inherited)",
				);
				GCC_WARN_64_TO_32_BIT_CONVERSION = YES;
				GCC_WARN_ABOUT_RETURN_TYPE = YES_ERROR;
				GCC_WARN_UNDECLARED_SELECTOR = YES;
				GCC_WARN_UNINITIALIZED_AUTOS = YES_AGGRESSIVE;
				GCC_WARN_UNUSED_FUNCTION = YES;
				GCC_WARN_UNUSED_VARIABLE = YES;
				IPHONEOS_DEPLOYMENT_TARGET = 14.5;
				MTL_ENABLE_DEBUG_INFO = INCLUDE_SOURCE;
				MTL_FAST_MATH = YES;
				ONLY_ACTIVE_ARCH = YES;
				SDKROOT = iphoneos;
				SWIFT_ACTIVE_COMPILATION_CONDITIONS = DEBUG;
				SWIFT_OPTIMIZATION_LEVEL = "-Onone";
			};
			name = Debug;
		};
		48D2C2BF267669E80009746B /* Release */ = {
			isa = XCBuildConfiguration;
			buildSettings = {
				ALWAYS_SEARCH_USER_PATHS = NO;
				CLANG_ANALYZER_NONNULL = YES;
				CLANG_ANALYZER_NUMBER_OBJECT_CONVERSION = YES_AGGRESSIVE;
				CLANG_CXX_LANGUAGE_STANDARD = "gnu++14";
				CLANG_CXX_LIBRARY = "libc++";
				CLANG_ENABLE_MODULES = YES;
				CLANG_ENABLE_OBJC_ARC = YES;
				CLANG_ENABLE_OBJC_WEAK = YES;
				CLANG_WARN_BLOCK_CAPTURE_AUTORELEASING = YES;
				CLANG_WARN_BOOL_CONVERSION = YES;
				CLANG_WARN_COMMA = YES;
				CLANG_WARN_CONSTANT_CONVERSION = YES;
				CLANG_WARN_DEPRECATED_OBJC_IMPLEMENTATIONS = YES;
				CLANG_WARN_DIRECT_OBJC_ISA_USAGE = YES_ERROR;
				CLANG_WARN_DOCUMENTATION_COMMENTS = YES;
				CLANG_WARN_EMPTY_BODY = YES;
				CLANG_WARN_ENUM_CONVERSION = YES;
				CLANG_WARN_INFINITE_RECURSION = YES;
				CLANG_WARN_INT_CONVERSION = YES;
				CLANG_WARN_NON_LITERAL_NULL_CONVERSION = YES;
				CLANG_WARN_OBJC_IMPLICIT_RETAIN_SELF = YES;
				CLANG_WARN_OBJC_LITERAL_CONVERSION = YES;
				CLANG_WARN_OBJC_ROOT_CLASS = YES_ERROR;
				CLANG_WARN_QUOTED_INCLUDE_IN_FRAMEWORK_HEADER = YES;
				CLANG_WARN_RANGE_LOOP_ANALYSIS = YES;
				CLANG_WARN_STRICT_PROTOTYPES = YES;
				CLANG_WARN_SUSPICIOUS_MOVE = YES;
				CLANG_WARN_UNGUARDED_AVAILABILITY = YES_AGGRESSIVE;
				CLANG_WARN_UNREACHABLE_CODE = YES;
				CLANG_WARN__DUPLICATE_METHOD_MATCH = YES;
				COPY_PHASE_STRIP = NO;
				DEBUG_INFORMATION_FORMAT = "dwarf-with-dsym";
				ENABLE_NS_ASSERTIONS = NO;
				ENABLE_STRICT_OBJC_MSGSEND = YES;
				GCC_C_LANGUAGE_STANDARD = gnu11;
				GCC_NO_COMMON_BLOCKS = YES;
				GCC_WARN_64_TO_32_BIT_CONVERSION = YES;
				GCC_WARN_ABOUT_RETURN_TYPE = YES_ERROR;
				GCC_WARN_UNDECLARED_SELECTOR = YES;
				GCC_WARN_UNINITIALIZED_AUTOS = YES_AGGRESSIVE;
				GCC_WARN_UNUSED_FUNCTION = YES;
				GCC_WARN_UNUSED_VARIABLE = YES;
				IPHONEOS_DEPLOYMENT_TARGET = 14.5;
				MTL_ENABLE_DEBUG_INFO = NO;
				MTL_FAST_MATH = YES;
				SDKROOT = iphoneos;
				SWIFT_COMPILATION_MODE = wholemodule;
				SWIFT_OPTIMIZATION_LEVEL = "-O";
				VALIDATE_PRODUCT = YES;
			};
			name = Release;
		};
		48D2C2C1267669E80009746B /* Debug */ = {
			isa = XCBuildConfiguration;
			baseConfigurationReference = BF738EE066C96C693D6A1DFA /* Pods-vkMessanger.debug.xcconfig */;
			buildSettings = {
				ASSETCATALOG_COMPILER_APPICON_NAME = AppIcon;
				ASSETCATALOG_COMPILER_GLOBAL_ACCENT_COLOR_NAME = AccentColor;
				CODE_SIGN_STYLE = Automatic;
				INFOPLIST_FILE = vkMessanger/Info.plist;
				LD_RUNPATH_SEARCH_PATHS = (
					"$(inherited)",
					"@executable_path/Frameworks",
				);
				PRODUCT_BUNDLE_IDENTIFIER = morozov.ivan.vkMessanger;
				PRODUCT_NAME = "$(TARGET_NAME)";
				SWIFT_VERSION = 5.0;
				TARGETED_DEVICE_FAMILY = "1,2";
			};
			name = Debug;
		};
		48D2C2C2267669E80009746B /* Release */ = {
			isa = XCBuildConfiguration;
			baseConfigurationReference = 1EF3D5FFA6A909AA7B5A786D /* Pods-vkMessanger.release.xcconfig */;
			buildSettings = {
				ASSETCATALOG_COMPILER_APPICON_NAME = AppIcon;
				ASSETCATALOG_COMPILER_GLOBAL_ACCENT_COLOR_NAME = AccentColor;
				CODE_SIGN_STYLE = Automatic;
				INFOPLIST_FILE = vkMessanger/Info.plist;
				LD_RUNPATH_SEARCH_PATHS = (
					"$(inherited)",
					"@executable_path/Frameworks",
				);
				PRODUCT_BUNDLE_IDENTIFIER = morozov.ivan.vkMessanger;
				PRODUCT_NAME = "$(TARGET_NAME)";
				SWIFT_VERSION = 5.0;
				TARGETED_DEVICE_FAMILY = "1,2";
			};
			name = Release;
		};
/* End XCBuildConfiguration section */

/* Begin XCConfigurationList section */
		48D2C2A7267669E40009746B /* Build configuration list for PBXProject "vkMessanger" */ = {
			isa = XCConfigurationList;
			buildConfigurations = (
				48D2C2BE267669E80009746B /* Debug */,
				48D2C2BF267669E80009746B /* Release */,
			);
			defaultConfigurationIsVisible = 0;
			defaultConfigurationName = Release;
		};
		48D2C2C0267669E80009746B /* Build configuration list for PBXNativeTarget "vkMessanger" */ = {
			isa = XCConfigurationList;
			buildConfigurations = (
				48D2C2C1267669E80009746B /* Debug */,
				48D2C2C2267669E80009746B /* Release */,
			);
			defaultConfigurationIsVisible = 0;
			defaultConfigurationName = Release;
		};
/* End XCConfigurationList section */
	};
	rootObject = 48D2C2A4267669E40009746B /* Project object */;
}
